// !$*UTF8*$!
{
	archiveVersion = 1;
	classes = {
	};
	objectVersion = 55;
	objects = {

/* Begin PBXBuildFile section */
		0E9B1DAA27C8274C0033A12F /* GoogleService-Info.plist in Resources */ = {isa = PBXBuildFile; fileRef = 0E33096727C7EB9A00F0C73F /* GoogleService-Info.plist */; };
		0E9C32AB28186F59008172B2 /* ResetPasswordController.swift in Sources */ = {isa = PBXBuildFile; fileRef = 0E9C32AA28186F59008172B2 /* ResetPasswordController.swift */; };
		272AD1BA27F6483100D266F8 /* ResultsViewController.swift in Sources */ = {isa = PBXBuildFile; fileRef = 272AD1B927F6483100D266F8 /* ResultsViewController.swift */; };
		272AD1BC27F6485300D266F8 /* TSAWaitTimesController.swift in Sources */ = {isa = PBXBuildFile; fileRef = 272AD1BB27F6485300D266F8 /* TSAWaitTimesController.swift */; };
		272AD1BE27F6488600D266F8 /* GooglePlacesManager.swift in Sources */ = {isa = PBXBuildFile; fileRef = 272AD1BD27F6488500D266F8 /* GooglePlacesManager.swift */; };
		272AD1C027F6540300D266F8 /* DirectionsViewController.swift in Sources */ = {isa = PBXBuildFile; fileRef = 272AD1BF27F6540300D266F8 /* DirectionsViewController.swift */; };
		272CA27927C81B8B00AD210D /* MapViewController.swift in Sources */ = {isa = PBXBuildFile; fileRef = 272CA27827C81B8B00AD210D /* MapViewController.swift */; };
		277E52BC27B6E7A80041716F /* AppDelegate.swift in Sources */ = {isa = PBXBuildFile; fileRef = 277E52BB27B6E7A80041716F /* AppDelegate.swift */; };
		277E52BE27B6E7A80041716F /* SceneDelegate.swift in Sources */ = {isa = PBXBuildFile; fileRef = 277E52BD27B6E7A80041716F /* SceneDelegate.swift */; };
		277E52C027B6E7A80041716F /* ViewController.swift in Sources */ = {isa = PBXBuildFile; fileRef = 277E52BF27B6E7A80041716F /* ViewController.swift */; };
		277E52C327B6E7A80041716F /* Main.storyboard in Resources */ = {isa = PBXBuildFile; fileRef = 277E52C127B6E7A80041716F /* Main.storyboard */; };
		277E52C827B6E7A90041716F /* LaunchScreen.storyboard in Resources */ = {isa = PBXBuildFile; fileRef = 277E52C627B6E7A90041716F /* LaunchScreen.storyboard */; };
		27D89A1227C818CD00427A05 /* Assets.xcassets in Resources */ = {isa = PBXBuildFile; fileRef = 27D89A1127C818CD00427A05 /* Assets.xcassets */; };
		7B8D20BD27F2519C00F6CB9F /* SignUpController.swift in Sources */ = {isa = PBXBuildFile; fileRef = 7B8D20BC27F2519C00F6CB9F /* SignUpController.swift */; };
		7B8D20C127F4084700F6CB9F /* FlightAddViewController.swift in Sources */ = {isa = PBXBuildFile; fileRef = 7B8D20C027F4084700F6CB9F /* FlightAddViewController.swift */; };
		7B8D20C327F423C500F6CB9F /* SwiftyJSON.framework in Frameworks */ = {isa = PBXBuildFile; fileRef = 7B8D20C227F423C500F6CB9F /* SwiftyJSON.framework */; };
		7BC0F05527C56D9A009211E0 /* RestaurantListViewController.swift in Sources */ = {isa = PBXBuildFile; fileRef = 7BC0F05427C56D9A009211E0 /* RestaurantListViewController.swift */; };
		7BC0F05727C56F9E009211E0 /* Restaurant.swift in Sources */ = {isa = PBXBuildFile; fileRef = 7BC0F05627C56F9E009211E0 /* Restaurant.swift */; };
		7BC0F05927C57075009211E0 /* RestaurantListCell.swift in Sources */ = {isa = PBXBuildFile; fileRef = 7BC0F05827C57075009211E0 /* RestaurantListCell.swift */; };
		C318672727EAB80D003A1C6F /* FlightListCell.swift in Sources */ = {isa = PBXBuildFile; fileRef = C318672627EAB80D003A1C6F /* FlightListCell.swift */; };
		C318672927EAB901003A1C6F /* FlightListViewController.swift in Sources */ = {isa = PBXBuildFile; fileRef = C318672827EAB901003A1C6F /* FlightListViewController.swift */; };
		C318672B27EABA39003A1C6F /* Flight.swift in Sources */ = {isa = PBXBuildFile; fileRef = C318672A27EABA39003A1C6F /* Flight.swift */; };
		C318672D27EBCEB2003A1C6F /* FlightDetailViewController.swift in Sources */ = {isa = PBXBuildFile; fileRef = C318672C27EBCEB1003A1C6F /* FlightDetailViewController.swift */; };
		C318672F27F28490003A1C6F /* ProfileViewController.swift in Sources */ = {isa = PBXBuildFile; fileRef = C318672E27F28490003A1C6F /* ProfileViewController.swift */; };
		C318673127F2927A003A1C6F /* ChangePasswordViewController.swift in Sources */ = {isa = PBXBuildFile; fileRef = C318673027F2927A003A1C6F /* ChangePasswordViewController.swift */; };
		C318673327F3D4BB003A1C6F /* ChangeNameViewController.swift in Sources */ = {isa = PBXBuildFile; fileRef = C318673227F3D4BA003A1C6F /* ChangeNameViewController.swift */; };
		C318673527F3DD1A003A1C6F /* ChangeEmailViewController.swift in Sources */ = {isa = PBXBuildFile; fileRef = C318673427F3DD1A003A1C6F /* ChangeEmailViewController.swift */; };
		C32BFD8327C05EE600EA62B5 /* BookmarkView.swift in Sources */ = {isa = PBXBuildFile; fileRef = C32BFD8227C05EE600EA62B5 /* BookmarkView.swift */; };
		C32BFDAA27C1CDE900EA62B5 /* LoginController.swift in Sources */ = {isa = PBXBuildFile; fileRef = C32BFDA927C1CDE900EA62B5 /* LoginController.swift */; };
		C36A1320281A0459002CDF5B /* RestaurantDetailViewController.swift in Sources */ = {isa = PBXBuildFile; fileRef = C36A131F281A0459002CDF5B /* RestaurantDetailViewController.swift */; };
		C3EC97F827C86AB9005DF63B /* FavoritesListCell.swift in Sources */ = {isa = PBXBuildFile; fileRef = C3EC97F727C86AB9005DF63B /* FavoritesListCell.swift */; };
		C3EC97FA27C86AEA005DF63B /* FavoritesListViewController.swift in Sources */ = {isa = PBXBuildFile; fileRef = C3EC97F927C86AEA005DF63B /* FavoritesListViewController.swift */; };
		CFF8271AF2D27BB7A03DD8B6 /* Pods_Travel__.framework in Frameworks */ = {isa = PBXBuildFile; fileRef = 6B8FE09A30F54E5E5A5179B5 /* Pods_Travel__.framework */; };
/* End PBXBuildFile section */

/* Begin PBXFileReference section */
		0DC869172EBBF963AB76758F /* Pods-Travel++.debug.xcconfig */ = {isa = PBXFileReference; includeInIndex = 1; lastKnownFileType = text.xcconfig; name = "Pods-Travel++.debug.xcconfig"; path = "Target Support Files/Pods-Travel++/Pods-Travel++.debug.xcconfig"; sourceTree = "<group>"; };
		0E33096727C7EB9A00F0C73F /* GoogleService-Info.plist */ = {isa = PBXFileReference; fileEncoding = 4; lastKnownFileType = text.plist.xml; path = "GoogleService-Info.plist"; sourceTree = "<group>"; };
		0E9C32AA28186F59008172B2 /* ResetPasswordController.swift */ = {isa = PBXFileReference; lastKnownFileType = sourcecode.swift; path = ResetPasswordController.swift; sourceTree = "<group>"; };
		272AD1B927F6483100D266F8 /* ResultsViewController.swift */ = {isa = PBXFileReference; lastKnownFileType = sourcecode.swift; path = ResultsViewController.swift; sourceTree = "<group>"; };
		272AD1BB27F6485300D266F8 /* TSAWaitTimesController.swift */ = {isa = PBXFileReference; lastKnownFileType = sourcecode.swift; path = TSAWaitTimesController.swift; sourceTree = "<group>"; };
		272AD1BD27F6488500D266F8 /* GooglePlacesManager.swift */ = {isa = PBXFileReference; lastKnownFileType = sourcecode.swift; path = GooglePlacesManager.swift; sourceTree = "<group>"; };
		272AD1BF27F6540300D266F8 /* DirectionsViewController.swift */ = {isa = PBXFileReference; lastKnownFileType = sourcecode.swift; path = DirectionsViewController.swift; sourceTree = "<group>"; };
		272CA27827C81B8B00AD210D /* MapViewController.swift */ = {isa = PBXFileReference; fileEncoding = 4; lastKnownFileType = sourcecode.swift; path = MapViewController.swift; sourceTree = "<group>"; };
		277E52B827B6E7A80041716F /* Travel++.app */ = {isa = PBXFileReference; explicitFileType = wrapper.application; includeInIndex = 0; path = "Travel++.app"; sourceTree = BUILT_PRODUCTS_DIR; };
		277E52BB27B6E7A80041716F /* AppDelegate.swift */ = {isa = PBXFileReference; lastKnownFileType = sourcecode.swift; path = AppDelegate.swift; sourceTree = "<group>"; };
		277E52BD27B6E7A80041716F /* SceneDelegate.swift */ = {isa = PBXFileReference; lastKnownFileType = sourcecode.swift; path = SceneDelegate.swift; sourceTree = "<group>"; };
		277E52BF27B6E7A80041716F /* ViewController.swift */ = {isa = PBXFileReference; lastKnownFileType = sourcecode.swift; path = ViewController.swift; sourceTree = "<group>"; };
		277E52C227B6E7A80041716F /* Base */ = {isa = PBXFileReference; lastKnownFileType = file.storyboard; name = Base; path = Base.lproj/Main.storyboard; sourceTree = "<group>"; };
		277E52C727B6E7A90041716F /* Base */ = {isa = PBXFileReference; lastKnownFileType = file.storyboard; name = Base; path = Base.lproj/LaunchScreen.storyboard; sourceTree = "<group>"; };
		277E52C927B6E7A90041716F /* Info.plist */ = {isa = PBXFileReference; lastKnownFileType = text.plist.xml; path = Info.plist; sourceTree = "<group>"; };
		27D89A1127C818CD00427A05 /* Assets.xcassets */ = {isa = PBXFileReference; lastKnownFileType = folder.assetcatalog; path = Assets.xcassets; sourceTree = "<group>"; };
		550968B1A210C64AAC9D290D /* Pods-Travel++.release.xcconfig */ = {isa = PBXFileReference; includeInIndex = 1; lastKnownFileType = text.xcconfig; name = "Pods-Travel++.release.xcconfig"; path = "Target Support Files/Pods-Travel++/Pods-Travel++.release.xcconfig"; sourceTree = "<group>"; };
		6B8FE09A30F54E5E5A5179B5 /* Pods_Travel__.framework */ = {isa = PBXFileReference; explicitFileType = wrapper.framework; includeInIndex = 0; path = Pods_Travel__.framework; sourceTree = BUILT_PRODUCTS_DIR; };
		7B8D20BC27F2519C00F6CB9F /* SignUpController.swift */ = {isa = PBXFileReference; lastKnownFileType = sourcecode.swift; path = SignUpController.swift; sourceTree = "<group>"; };
		7B8D20C027F4084700F6CB9F /* FlightAddViewController.swift */ = {isa = PBXFileReference; lastKnownFileType = sourcecode.swift; path = FlightAddViewController.swift; sourceTree = "<group>"; };
		7B8D20C227F423C500F6CB9F /* SwiftyJSON.framework */ = {isa = PBXFileReference; explicitFileType = wrapper.framework; path = SwiftyJSON.framework; sourceTree = BUILT_PRODUCTS_DIR; };
		7BC0F05427C56D9A009211E0 /* RestaurantListViewController.swift */ = {isa = PBXFileReference; lastKnownFileType = sourcecode.swift; path = RestaurantListViewController.swift; sourceTree = "<group>"; };
		7BC0F05627C56F9E009211E0 /* Restaurant.swift */ = {isa = PBXFileReference; lastKnownFileType = sourcecode.swift; path = Restaurant.swift; sourceTree = "<group>"; };
		7BC0F05827C57075009211E0 /* RestaurantListCell.swift */ = {isa = PBXFileReference; lastKnownFileType = sourcecode.swift; path = RestaurantListCell.swift; sourceTree = "<group>"; };
		C318672627EAB80D003A1C6F /* FlightListCell.swift */ = {isa = PBXFileReference; lastKnownFileType = sourcecode.swift; path = FlightListCell.swift; sourceTree = "<group>"; };
		C318672827EAB901003A1C6F /* FlightListViewController.swift */ = {isa = PBXFileReference; lastKnownFileType = sourcecode.swift; path = FlightListViewController.swift; sourceTree = "<group>"; };
		C318672A27EABA39003A1C6F /* Flight.swift */ = {isa = PBXFileReference; lastKnownFileType = sourcecode.swift; path = Flight.swift; sourceTree = "<group>"; };
		C318672C27EBCEB1003A1C6F /* FlightDetailViewController.swift */ = {isa = PBXFileReference; lastKnownFileType = sourcecode.swift; path = FlightDetailViewController.swift; sourceTree = "<group>"; };
		C318672E27F28490003A1C6F /* ProfileViewController.swift */ = {isa = PBXFileReference; lastKnownFileType = sourcecode.swift; path = ProfileViewController.swift; sourceTree = "<group>"; };
		C318673027F2927A003A1C6F /* ChangePasswordViewController.swift */ = {isa = PBXFileReference; lastKnownFileType = sourcecode.swift; path = ChangePasswordViewController.swift; sourceTree = "<group>"; };
		C318673227F3D4BA003A1C6F /* ChangeNameViewController.swift */ = {isa = PBXFileReference; lastKnownFileType = sourcecode.swift; path = ChangeNameViewController.swift; sourceTree = "<group>"; };
		C318673427F3DD1A003A1C6F /* ChangeEmailViewController.swift */ = {isa = PBXFileReference; lastKnownFileType = sourcecode.swift; path = ChangeEmailViewController.swift; sourceTree = "<group>"; };
		C32BFD8227C05EE600EA62B5 /* BookmarkView.swift */ = {isa = PBXFileReference; lastKnownFileType = sourcecode.swift; path = BookmarkView.swift; sourceTree = "<group>"; };
		C32BFDA927C1CDE900EA62B5 /* LoginController.swift */ = {isa = PBXFileReference; lastKnownFileType = sourcecode.swift; path = LoginController.swift; sourceTree = "<group>"; };
		C36A131F281A0459002CDF5B /* RestaurantDetailViewController.swift */ = {isa = PBXFileReference; lastKnownFileType = sourcecode.swift; path = RestaurantDetailViewController.swift; sourceTree = "<group>"; };
		C3EC97F727C86AB9005DF63B /* FavoritesListCell.swift */ = {isa = PBXFileReference; lastKnownFileType = sourcecode.swift; path = FavoritesListCell.swift; sourceTree = "<group>"; };
		C3EC97F927C86AEA005DF63B /* FavoritesListViewController.swift */ = {isa = PBXFileReference; lastKnownFileType = sourcecode.swift; path = FavoritesListViewController.swift; sourceTree = "<group>"; };
/* End PBXFileReference section */

/* Begin PBXFrameworksBuildPhase section */
		277E52B527B6E7A80041716F /* Frameworks */ = {
			isa = PBXFrameworksBuildPhase;
			buildActionMask = 2147483647;
			files = (
				7B8D20C327F423C500F6CB9F /* SwiftyJSON.framework in Frameworks */,
				CFF8271AF2D27BB7A03DD8B6 /* Pods_Travel__.framework in Frameworks */,
			);
			runOnlyForDeploymentPostprocessing = 0;
		};
/* End PBXFrameworksBuildPhase section */

/* Begin PBXGroup section */
		277E52AF27B6E7A80041716F = {
			isa = PBXGroup;
			children = (
				277E52BA27B6E7A80041716F /* Travel++ */,
				277E52B927B6E7A80041716F /* Products */,
				EFFE8A16729D16F470D5938F /* Pods */,
				A77C2F0F731867576F2DF7BE /* Frameworks */,
			);
			sourceTree = "<group>";
		};
		277E52B927B6E7A80041716F /* Products */ = {
			isa = PBXGroup;
			children = (
				277E52B827B6E7A80041716F /* Travel++.app */,
			);
			name = Products;
			sourceTree = "<group>";
		};
		277E52BA27B6E7A80041716F /* Travel++ */ = {
			isa = PBXGroup;
			children = (
				277E52BB27B6E7A80041716F /* AppDelegate.swift */,
				27D89A1127C818CD00427A05 /* Assets.xcassets */,
				C32BFD8227C05EE600EA62B5 /* BookmarkView.swift */,
				277E52BD27B6E7A80041716F /* SceneDelegate.swift */,
				277E52BF27B6E7A80041716F /* ViewController.swift */,
				C32BFDA927C1CDE900EA62B5 /* LoginController.swift */,
				7B8D20BC27F2519C00F6CB9F /* SignUpController.swift */,
				272CA27827C81B8B00AD210D /* MapViewController.swift */,
				277E52C127B6E7A80041716F /* Main.storyboard */,
				C36A131F281A0459002CDF5B /* RestaurantDetailViewController.swift */,
				C318673427F3DD1A003A1C6F /* ChangeEmailViewController.swift */,
				C318673227F3D4BA003A1C6F /* ChangeNameViewController.swift */,
				C318673027F2927A003A1C6F /* ChangePasswordViewController.swift */,
				C318672E27F28490003A1C6F /* ProfileViewController.swift */,
				C318672C27EBCEB1003A1C6F /* FlightDetailViewController.swift */,
				C318672627EAB80D003A1C6F /* FlightListCell.swift */,
				277E52C627B6E7A90041716F /* LaunchScreen.storyboard */,
				277E52C927B6E7A90041716F /* Info.plist */,
				7BC0F05427C56D9A009211E0 /* RestaurantListViewController.swift */,
				C318672A27EABA39003A1C6F /* Flight.swift */,
				7BC0F05627C56F9E009211E0 /* Restaurant.swift */,
				7BC0F05827C57075009211E0 /* RestaurantListCell.swift */,
				C3EC97F727C86AB9005DF63B /* FavoritesListCell.swift */,
				C3EC97F927C86AEA005DF63B /* FavoritesListViewController.swift */,
				C318672827EAB901003A1C6F /* FlightListViewController.swift */,
				0E33096727C7EB9A00F0C73F /* GoogleService-Info.plist */,
				272AD1B927F6483100D266F8 /* ResultsViewController.swift */,
				272AD1BB27F6485300D266F8 /* TSAWaitTimesController.swift */,
				272AD1BD27F6488500D266F8 /* GooglePlacesManager.swift */,
				272AD1BF27F6540300D266F8 /* DirectionsViewController.swift */,
				7B8D20C027F4084700F6CB9F /* FlightAddViewController.swift */,
				0E9C32AA28186F59008172B2 /* ResetPasswordController.swift */,
			);
			path = "Travel++";
			sourceTree = "<group>";
		};
		A77C2F0F731867576F2DF7BE /* Frameworks */ = {
			isa = PBXGroup;
			children = (
				7B8D20C227F423C500F6CB9F /* SwiftyJSON.framework */,
				6B8FE09A30F54E5E5A5179B5 /* Pods_Travel__.framework */,
			);
			name = Frameworks;
			sourceTree = "<group>";
		};
		EFFE8A16729D16F470D5938F /* Pods */ = {
			isa = PBXGroup;
			children = (
				0DC869172EBBF963AB76758F /* Pods-Travel++.debug.xcconfig */,
				550968B1A210C64AAC9D290D /* Pods-Travel++.release.xcconfig */,
			);
			path = Pods;
			sourceTree = "<group>";
		};
/* End PBXGroup section */

/* Begin PBXNativeTarget section */
		277E52B727B6E7A80041716F /* Travel++ */ = {
			isa = PBXNativeTarget;
			buildConfigurationList = 277E52CC27B6E7A90041716F /* Build configuration list for PBXNativeTarget "Travel++" */;
			buildPhases = (
				86C569196186F18991EB94F6 /* [CP] Check Pods Manifest.lock */,
				277E52B427B6E7A80041716F /* Sources */,
				277E52B527B6E7A80041716F /* Frameworks */,
				277E52B627B6E7A80041716F /* Resources */,
				FFD9ED28C5EE4C2A32634ECD /* [CP] Copy Pods Resources */,
				FCC93B69994918D70739B9BB /* [CP] Embed Pods Frameworks */,
			);
			buildRules = (
			);
			dependencies = (
			);
			name = "Travel++";
			productName = "Travel++";
			productReference = 277E52B827B6E7A80041716F /* Travel++.app */;
			productType = "com.apple.product-type.application";
		};
/* End PBXNativeTarget section */

/* Begin PBXProject section */
		277E52B027B6E7A80041716F /* Project object */ = {
			isa = PBXProject;
			attributes = {
				BuildIndependentTargetsInParallel = 1;
				LastSwiftUpdateCheck = 1330;
				LastUpgradeCheck = 1330;
				TargetAttributes = {
					277E52B727B6E7A80041716F = {
						CreatedOnToolsVersion = 13.3;
					};
				};
			};
			buildConfigurationList = 277E52B327B6E7A80041716F /* Build configuration list for PBXProject "Travel++" */;
			compatibilityVersion = "Xcode 13.0";
			developmentRegion = en;
			hasScannedForEncodings = 0;
			knownRegions = (
				en,
				Base,
			);
			mainGroup = 277E52AF27B6E7A80041716F;
			productRefGroup = 277E52B927B6E7A80041716F /* Products */;
			projectDirPath = "";
			projectRoot = "";
			targets = (
				277E52B727B6E7A80041716F /* Travel++ */,
			);
		};
/* End PBXProject section */

/* Begin PBXResourcesBuildPhase section */
		277E52B627B6E7A80041716F /* Resources */ = {
			isa = PBXResourcesBuildPhase;
			buildActionMask = 2147483647;
			files = (
				0E9B1DAA27C8274C0033A12F /* GoogleService-Info.plist in Resources */,
				277E52C827B6E7A90041716F /* LaunchScreen.storyboard in Resources */,
				27D89A1227C818CD00427A05 /* Assets.xcassets in Resources */,
				277E52C327B6E7A80041716F /* Main.storyboard in Resources */,
			);
			runOnlyForDeploymentPostprocessing = 0;
		};
/* End PBXResourcesBuildPhase section */

/* Begin PBXShellScriptBuildPhase section */
		86C569196186F18991EB94F6 /* [CP] Check Pods Manifest.lock */ = {
			isa = PBXShellScriptBuildPhase;
			buildActionMask = 2147483647;
			files = (
			);
			inputFileListPaths = (
			);
			inputPaths = (
				"${PODS_PODFILE_DIR_PATH}/Podfile.lock",
				"${PODS_ROOT}/Manifest.lock",
			);
			name = "[CP] Check Pods Manifest.lock";
			outputFileListPaths = (
			);
			outputPaths = (
				"$(DERIVED_FILE_DIR)/Pods-Travel++-checkManifestLockResult.txt",
			);
			runOnlyForDeploymentPostprocessing = 0;
			shellPath = /bin/sh;
			shellScript = "diff \"${PODS_PODFILE_DIR_PATH}/Podfile.lock\" \"${PODS_ROOT}/Manifest.lock\" > /dev/null\nif [ $? != 0 ] ; then\n    # print error to STDERR\n    echo \"error: The sandbox is not in sync with the Podfile.lock. Run 'pod install' or update your CocoaPods installation.\" >&2\n    exit 1\nfi\n# This output is used by Xcode 'outputs' to avoid re-running this script phase.\necho \"SUCCESS\" > \"${SCRIPT_OUTPUT_FILE_0}\"\n";
			showEnvVarsInLog = 0;
		};
		FCC93B69994918D70739B9BB /* [CP] Embed Pods Frameworks */ = {
			isa = PBXShellScriptBuildPhase;
			buildActionMask = 2147483647;
			files = (
			);
			inputFileListPaths = (
				"${PODS_ROOT}/Target Support Files/Pods-Travel++/Pods-Travel++-frameworks-${CONFIGURATION}-input-files.xcfilelist",
			);
			name = "[CP] Embed Pods Frameworks";
			outputFileListPaths = (
				"${PODS_ROOT}/Target Support Files/Pods-Travel++/Pods-Travel++-frameworks-${CONFIGURATION}-output-files.xcfilelist",
			);
			runOnlyForDeploymentPostprocessing = 0;
			shellPath = /bin/sh;
			shellScript = "\"${PODS_ROOT}/Target Support Files/Pods-Travel++/Pods-Travel++-frameworks.sh\"\n";
			showEnvVarsInLog = 0;
		};
		FFD9ED28C5EE4C2A32634ECD /* [CP] Copy Pods Resources */ = {
			isa = PBXShellScriptBuildPhase;
			buildActionMask = 2147483647;
			files = (
			);
			inputFileListPaths = (
				"${PODS_ROOT}/Target Support Files/Pods-Travel++/Pods-Travel++-resources-${CONFIGURATION}-input-files.xcfilelist",
			);
			name = "[CP] Copy Pods Resources";
			outputFileListPaths = (
				"${PODS_ROOT}/Target Support Files/Pods-Travel++/Pods-Travel++-resources-${CONFIGURATION}-output-files.xcfilelist",
			);
			runOnlyForDeploymentPostprocessing = 0;
			shellPath = /bin/sh;
			shellScript = "\"${PODS_ROOT}/Target Support Files/Pods-Travel++/Pods-Travel++-resources.sh\"\n";
			showEnvVarsInLog = 0;
		};
/* End PBXShellScriptBuildPhase section */

/* Begin PBXSourcesBuildPhase section */
		277E52B427B6E7A80041716F /* Sources */ = {
			isa = PBXSourcesBuildPhase;
			buildActionMask = 2147483647;
			files = (
				7BC0F05927C57075009211E0 /* RestaurantListCell.swift in Sources */,
				C318673527F3DD1A003A1C6F /* ChangeEmailViewController.swift in Sources */,
				277E52C027B6E7A80041716F /* ViewController.swift in Sources */,
				7BC0F05527C56D9A009211E0 /* RestaurantListViewController.swift in Sources */,
				272AD1C027F6540300D266F8 /* DirectionsViewController.swift in Sources */,
				272AD1BC27F6485300D266F8 /* TSAWaitTimesController.swift in Sources */,
				C3EC97FA27C86AEA005DF63B /* FavoritesListViewController.swift in Sources */,
				C36A1320281A0459002CDF5B /* RestaurantDetailViewController.swift in Sources */,
				277E52BC27B6E7A80041716F /* AppDelegate.swift in Sources */,
				C318672D27EBCEB2003A1C6F /* FlightDetailViewController.swift in Sources */,
				C318672F27F28490003A1C6F /* ProfileViewController.swift in Sources */,
				272CA27927C81B8B00AD210D /* MapViewController.swift in Sources */,
				C3EC97F827C86AB9005DF63B /* FavoritesListCell.swift in Sources */,
				0E9C32AB28186F59008172B2 /* ResetPasswordController.swift in Sources */,
				7BC0F05727C56F9E009211E0 /* Restaurant.swift in Sources */,
				272AD1BE27F6488600D266F8 /* GooglePlacesManager.swift in Sources */,
				7B8D20C127F4084700F6CB9F /* FlightAddViewController.swift in Sources */,
				C32BFD8327C05EE600EA62B5 /* BookmarkView.swift in Sources */,
				7B8D20BD27F2519C00F6CB9F /* SignUpController.swift in Sources */,
				C318672727EAB80D003A1C6F /* FlightListCell.swift in Sources */,
				C318673127F2927A003A1C6F /* ChangePasswordViewController.swift in Sources */,
				C318672927EAB901003A1C6F /* FlightListViewController.swift in Sources */,
				277E52BE27B6E7A80041716F /* SceneDelegate.swift in Sources */,
				272AD1BA27F6483100D266F8 /* ResultsViewController.swift in Sources */,
				C318673327F3D4BB003A1C6F /* ChangeNameViewController.swift in Sources */,
				C32BFDAA27C1CDE900EA62B5 /* LoginController.swift in Sources */,
				C318672B27EABA39003A1C6F /* Flight.swift in Sources */,
			);
			runOnlyForDeploymentPostprocessing = 0;
		};
/* End PBXSourcesBuildPhase section */

/* Begin PBXVariantGroup section */
		277E52C127B6E7A80041716F /* Main.storyboard */ = {
			isa = PBXVariantGroup;
			children = (
				277E52C227B6E7A80041716F /* Base */,
			);
			name = Main.storyboard;
			sourceTree = "<group>";
		};
		277E52C627B6E7A90041716F /* LaunchScreen.storyboard */ = {
			isa = PBXVariantGroup;
			children = (
				277E52C727B6E7A90041716F /* Base */,
			);
			name = LaunchScreen.storyboard;
			sourceTree = "<group>";
		};
/* End PBXVariantGroup section */

/* Begin XCBuildConfiguration section */
		277E52CA27B6E7A90041716F /* Debug */ = {
			isa = XCBuildConfiguration;
			buildSettings = {
				ALWAYS_SEARCH_USER_PATHS = NO;
				CLANG_ANALYZER_NONNULL = YES;
				CLANG_ANALYZER_NUMBER_OBJECT_CONVERSION = YES_AGGRESSIVE;
				CLANG_CXX_LANGUAGE_STANDARD = "gnu++17";
				CLANG_ENABLE_MODULES = YES;
				CLANG_ENABLE_OBJC_ARC = YES;
				CLANG_ENABLE_OBJC_WEAK = YES;
				CLANG_WARN_BLOCK_CAPTURE_AUTORELEASING = YES;
				CLANG_WARN_BOOL_CONVERSION = YES;
				CLANG_WARN_COMMA = YES;
				CLANG_WARN_CONSTANT_CONVERSION = YES;
				CLANG_WARN_DEPRECATED_OBJC_IMPLEMENTATIONS = YES;
				CLANG_WARN_DIRECT_OBJC_ISA_USAGE = YES_ERROR;
				CLANG_WARN_DOCUMENTATION_COMMENTS = YES;
				CLANG_WARN_EMPTY_BODY = YES;
				CLANG_WARN_ENUM_CONVERSION = YES;
				CLANG_WARN_INFINITE_RECURSION = YES;
				CLANG_WARN_INT_CONVERSION = YES;
				CLANG_WARN_NON_LITERAL_NULL_CONVERSION = YES;
				CLANG_WARN_OBJC_IMPLICIT_RETAIN_SELF = YES;
				CLANG_WARN_OBJC_LITERAL_CONVERSION = YES;
				CLANG_WARN_OBJC_ROOT_CLASS = YES_ERROR;
				CLANG_WARN_QUOTED_INCLUDE_IN_FRAMEWORK_HEADER = YES;
				CLANG_WARN_RANGE_LOOP_ANALYSIS = YES;
				CLANG_WARN_STRICT_PROTOTYPES = YES;
				CLANG_WARN_SUSPICIOUS_MOVE = YES;
				CLANG_WARN_UNGUARDED_AVAILABILITY = YES_AGGRESSIVE;
				CLANG_WARN_UNREACHABLE_CODE = YES;
				CLANG_WARN__DUPLICATE_METHOD_MATCH = YES;
				COPY_PHASE_STRIP = NO;
				DEBUG_INFORMATION_FORMAT = dwarf;
				ENABLE_STRICT_OBJC_MSGSEND = YES;
				ENABLE_TESTABILITY = YES;
				GCC_C_LANGUAGE_STANDARD = gnu11;
				GCC_DYNAMIC_NO_PIC = NO;
				GCC_NO_COMMON_BLOCKS = YES;
				GCC_OPTIMIZATION_LEVEL = 0;
				GCC_PREPROCESSOR_DEFINITIONS = (
					"DEBUG=1",
					"$(inherited)",
				);
				GCC_WARN_64_TO_32_BIT_CONVERSION = YES;
				GCC_WARN_ABOUT_RETURN_TYPE = YES_ERROR;
				GCC_WARN_UNDECLARED_SELECTOR = YES;
				GCC_WARN_UNINITIALIZED_AUTOS = YES_AGGRESSIVE;
				GCC_WARN_UNUSED_FUNCTION = YES;
				GCC_WARN_UNUSED_VARIABLE = YES;
				IPHONEOS_DEPLOYMENT_TARGET = 15.2;
				MTL_ENABLE_DEBUG_INFO = INCLUDE_SOURCE;
				MTL_FAST_MATH = YES;
				ONLY_ACTIVE_ARCH = YES;
				SDKROOT = iphoneos;
				SWIFT_ACTIVE_COMPILATION_CONDITIONS = DEBUG;
				SWIFT_OPTIMIZATION_LEVEL = "-Onone";
			};
			name = Debug;
		};
		277E52CB27B6E7A90041716F /* Release */ = {
			isa = XCBuildConfiguration;
			buildSettings = {
				ALWAYS_SEARCH_USER_PATHS = NO;
				CLANG_ANALYZER_NONNULL = YES;
				CLANG_ANALYZER_NUMBER_OBJECT_CONVERSION = YES_AGGRESSIVE;
				CLANG_CXX_LANGUAGE_STANDARD = "gnu++17";
				CLANG_ENABLE_MODULES = YES;
				CLANG_ENABLE_OBJC_ARC = YES;
				CLANG_ENABLE_OBJC_WEAK = YES;
				CLANG_WARN_BLOCK_CAPTURE_AUTORELEASING = YES;
				CLANG_WARN_BOOL_CONVERSION = YES;
				CLANG_WARN_COMMA = YES;
				CLANG_WARN_CONSTANT_CONVERSION = YES;
				CLANG_WARN_DEPRECATED_OBJC_IMPLEMENTATIONS = YES;
				CLANG_WARN_DIRECT_OBJC_ISA_USAGE = YES_ERROR;
				CLANG_WARN_DOCUMENTATION_COMMENTS = YES;
				CLANG_WARN_EMPTY_BODY = YES;
				CLANG_WARN_ENUM_CONVERSION = YES;
				CLANG_WARN_INFINITE_RECURSION = YES;
				CLANG_WARN_INT_CONVERSION = YES;
				CLANG_WARN_NON_LITERAL_NULL_CONVERSION = YES;
				CLANG_WARN_OBJC_IMPLICIT_RETAIN_SELF = YES;
				CLANG_WARN_OBJC_LITERAL_CONVERSION = YES;
				CLANG_WARN_OBJC_ROOT_CLASS = YES_ERROR;
				CLANG_WARN_QUOTED_INCLUDE_IN_FRAMEWORK_HEADER = YES;
				CLANG_WARN_RANGE_LOOP_ANALYSIS = YES;
				CLANG_WARN_STRICT_PROTOTYPES = YES;
				CLANG_WARN_SUSPICIOUS_MOVE = YES;
				CLANG_WARN_UNGUARDED_AVAILABILITY = YES_AGGRESSIVE;
				CLANG_WARN_UNREACHABLE_CODE = YES;
				CLANG_WARN__DUPLICATE_METHOD_MATCH = YES;
				COPY_PHASE_STRIP = NO;
				DEBUG_INFORMATION_FORMAT = "dwarf-with-dsym";
				ENABLE_NS_ASSERTIONS = NO;
				ENABLE_STRICT_OBJC_MSGSEND = YES;
				GCC_C_LANGUAGE_STANDARD = gnu11;
				GCC_NO_COMMON_BLOCKS = YES;
				GCC_WARN_64_TO_32_BIT_CONVERSION = YES;
				GCC_WARN_ABOUT_RETURN_TYPE = YES_ERROR;
				GCC_WARN_UNDECLARED_SELECTOR = YES;
				GCC_WARN_UNINITIALIZED_AUTOS = YES_AGGRESSIVE;
				GCC_WARN_UNUSED_FUNCTION = YES;
				GCC_WARN_UNUSED_VARIABLE = YES;
				IPHONEOS_DEPLOYMENT_TARGET = 15.2;
				MTL_ENABLE_DEBUG_INFO = NO;
				MTL_FAST_MATH = YES;
				SDKROOT = iphoneos;
				SWIFT_COMPILATION_MODE = wholemodule;
				SWIFT_OPTIMIZATION_LEVEL = "-O";
				VALIDATE_PRODUCT = YES;
			};
			name = Release;
		};
		277E52CD27B6E7A90041716F /* Debug */ = {
			isa = XCBuildConfiguration;
			baseConfigurationReference = 0DC869172EBBF963AB76758F /* Pods-Travel++.debug.xcconfig */;
			buildSettings = {
				ASSETCATALOG_COMPILER_APPICON_NAME = AppIcon;
				ASSETCATALOG_COMPILER_GLOBAL_ACCENT_COLOR_NAME = AccentColor;
				CODE_SIGN_STYLE = Automatic;
				CURRENT_PROJECT_VERSION = 1;
				DEVELOPMENT_TEAM = 2R9S35Y7K3;
				GENERATE_INFOPLIST_FILE = YES;
				INFOPLIST_FILE = "Travel++/Info.plist";
				INFOPLIST_KEY_UIApplicationSupportsIndirectInputEvents = YES;
				INFOPLIST_KEY_UILaunchStoryboardName = LaunchScreen;
				INFOPLIST_KEY_UIMainStoryboardFile = Main;
				INFOPLIST_KEY_UISupportedInterfaceOrientations_iPad = "UIInterfaceOrientationPortrait UIInterfaceOrientationPortraitUpsideDown UIInterfaceOrientationLandscapeLeft UIInterfaceOrientationLandscapeRight";
				INFOPLIST_KEY_UISupportedInterfaceOrientations_iPhone = "UIInterfaceOrientationPortrait UIInterfaceOrientationLandscapeLeft UIInterfaceOrientationLandscapeRight";
				IPHONEOS_DEPLOYMENT_TARGET = 13.0;
				LD_RUNPATH_SEARCH_PATHS = (
					"$(inherited)",
					"@executable_path/Frameworks",
				);
				MARKETING_VERSION = 1.0;
				PRODUCT_BUNDLE_IDENTIFIER = "com.PurdueCS407Project.Travel--";
				PRODUCT_NAME = "$(TARGET_NAME)";
				SWIFT_EMIT_LOC_STRINGS = YES;
				SWIFT_VERSION = 5.0;
				TARGETED_DEVICE_FAMILY = "1,2";
			};
			name = Debug;
		};
		277E52CE27B6E7A90041716F /* Release */ = {
			isa = XCBuildConfiguration;
			baseConfigurationReference = 550968B1A210C64AAC9D290D /* Pods-Travel++.release.xcconfig */;
			buildSettings = {
				ASSETCATALOG_COMPILER_APPICON_NAME = AppIcon;
				ASSETCATALOG_COMPILER_GLOBAL_ACCENT_COLOR_NAME = AccentColor;
				CODE_SIGN_STYLE = Automatic;
				CURRENT_PROJECT_VERSION = 1;
				DEVELOPMENT_TEAM = 2R9S35Y7K3;
				GENERATE_INFOPLIST_FILE = YES;
				INFOPLIST_FILE = "Travel++/Info.plist";
				INFOPLIST_KEY_UIApplicationSupportsIndirectInputEvents = YES;
				INFOPLIST_KEY_UILaunchStoryboardName = LaunchScreen;
				INFOPLIST_KEY_UIMainStoryboardFile = Main;
				INFOPLIST_KEY_UISupportedInterfaceOrientations_iPad = "UIInterfaceOrientationPortrait UIInterfaceOrientationPortraitUpsideDown UIInterfaceOrientationLandscapeLeft UIInterfaceOrientationLandscapeRight";
				INFOPLIST_KEY_UISupportedInterfaceOrientations_iPhone = "UIInterfaceOrientationPortrait UIInterfaceOrientationLandscapeLeft UIInterfaceOrientationLandscapeRight";
				IPHONEOS_DEPLOYMENT_TARGET = 13.0;
				LD_RUNPATH_SEARCH_PATHS = (
					"$(inherited)",
					"@executable_path/Frameworks",
				);
				MARKETING_VERSION = 1.0;
				PRODUCT_BUNDLE_IDENTIFIER = "com.PurdueCS407Project.Travel--";
				PRODUCT_NAME = "$(TARGET_NAME)";
				SWIFT_EMIT_LOC_STRINGS = YES;
				SWIFT_VERSION = 5.0;
				TARGETED_DEVICE_FAMILY = "1,2";
			};
			name = Release;
		};
/* End XCBuildConfiguration section */

/* Begin XCConfigurationList section */
		277E52B327B6E7A80041716F /* Build configuration list for PBXProject "Travel++" */ = {
			isa = XCConfigurationList;
			buildConfigurations = (
				277E52CA27B6E7A90041716F /* Debug */,
				277E52CB27B6E7A90041716F /* Release */,
			);
			defaultConfigurationIsVisible = 0;
			defaultConfigurationName = Release;
		};
		277E52CC27B6E7A90041716F /* Build configuration list for PBXNativeTarget "Travel++" */ = {
			isa = XCConfigurationList;
			buildConfigurations = (
				277E52CD27B6E7A90041716F /* Debug */,
				277E52CE27B6E7A90041716F /* Release */,
			);
			defaultConfigurationIsVisible = 0;
			defaultConfigurationName = Release;
		};
/* End XCConfigurationList section */
	};
	rootObject = 277E52B027B6E7A80041716F /* Project object */;
}
